{
  "name": "mock-blog",
  "version": "1.0.0",
  "lockfileVersion": 1,
  "requires": true,
  "dependencies": {
    "@dcloudio/types": {
      "version": "2.5.16",
      "resolved": "https://registry.npmmirror.com/@dcloudio/types/-/types-2.5.16.tgz",
      "integrity": "sha512-gvGzSVIIWKHnA3wMCb/w+RCAqwrMEj6DpHB4Yve8SFMN35Q1sayCYrF8kzjykSC7Fdq6971SsTPr07WXXOazvg==",
      "dev": true
    }
  }
}
